// !$*UTF8*$!
{
	archiveVersion = 1;
	classes = {
	};
	objectVersion = 77;
	objects = {

/* Begin PBXBuildFile section */
		3DC7A1402DAED2F3001BA350 /* VirtualDeckMacXPC.xpc in Embed XPC Services */ = {isa = PBXBuildFile; fileRef = 3DC7A1342DAED2F3001BA350 /* VirtualDeckMacXPC.xpc */; settings = {ATTRIBUTES = (RemoveHeadersOnCopy, ); }; };
/* End PBXBuildFile section */

/* Begin PBXContainerItemProxy section */
		3DC7A13E2DAED2F3001BA350 /* PBXContainerItemProxy */ = {
			isa = PBXContainerItemProxy;
			containerPortal = 3D114E8D2DA82A63004B7E5F /* Project object */;
			proxyType = 1;
			remoteGlobalIDString = 3DC7A1332DAED2F3001BA350;
			remoteInfo = VirtualDeckMacXPC;
		};
/* End PBXContainerItemProxy section */

/* Begin PBXCopyFilesBuildPhase section */
		3D199E972DAB08C700A08DB9 /* Embed XPC Services */ = {
			isa = PBXCopyFilesBuildPhase;
			buildActionMask = 2147483647;
			dstPath = "$(CONTENTS_FOLDER_PATH)/XPCServices";
			dstSubfolderSpec = 16;
			files = (
				3DC7A1402DAED2F3001BA350 /* VirtualDeckMacXPC.xpc in Embed XPC Services */,
			);
			name = "Embed XPC Services";
			runOnlyForDeploymentPostprocessing = 0;
		};
		3D199EED2DAB411D00A08DB9 /* CopyFiles */ = {
			isa = PBXCopyFilesBuildPhase;
			buildActionMask = 12;
			dstPath = Contents/Helpers;
			dstSubfolderSpec = 1;
			files = (
			);
			runOnlyForDeploymentPostprocessing = 0;
		};
/* End PBXCopyFilesBuildPhase section */

/* Begin PBXFileReference section */
		3D114E952DA82A63004B7E5F /* ActionDeck Mac.app */ = {isa = PBXFileReference; explicitFileType = wrapper.application; includeInIndex = 0; path = "ActionDeck Mac.app"; sourceTree = BUILT_PRODUCTS_DIR; };
		3D199F002DAC795200A08DB9 /* VirtualDeckVision.app */ = {isa = PBXFileReference; explicitFileType = wrapper.application; includeInIndex = 0; path = VirtualDeckVision.app; sourceTree = BUILT_PRODUCTS_DIR; };
		3D199F032DAC795200A08DB9 /* RealityKitContent */ = {isa = PBXFileReference; lastKnownFileType = wrapper; path = RealityKitContent; sourceTree = "<group>"; };
		3DC7A1342DAED2F3001BA350 /* VirtualDeckMacXPC.xpc */ = {isa = PBXFileReference; explicitFileType = "wrapper.xpc-service"; includeInIndex = 0; path = VirtualDeckMacXPC.xpc; sourceTree = BUILT_PRODUCTS_DIR; };
/* End PBXFileReference section */

/* Begin PBXFileSystemSynchronizedBuildFileExceptionSet section */
		3D199F0D2DAC795400A08DB9 /* Exceptions for "VirtualDeckVision" folder in "VirtualDeckVision" target */ = {
			isa = PBXFileSystemSynchronizedBuildFileExceptionSet;
			membershipExceptions = (
				Info.plist,
			);
			target = 3D199EFF2DAC795200A08DB9 /* VirtualDeckVision */;
		};
		3D94313F2DC6DEF400B080A7 /* Exceptions for "VirtualDeckMac" folder in "VirtualDeckMacXPC" target */ = {
			isa = PBXFileSystemSynchronizedBuildFileExceptionSet;
			membershipExceptions = (
				SharedWithXPC/MacSharedStorage.swift,
				SharedWithXPC/SharedXPC.swift,
				SharedWithXPCAndVisionPro/CrossDeviceMessage.swift,
			);
			target = 3DC7A1332DAED2F3001BA350 /* VirtualDeckMacXPC */;
		};
		3D9431492DC6E47900B080A7 /* Exceptions for "VirtualDeckMac" folder in "VirtualDeckVision" target */ = {
			isa = PBXFileSystemSynchronizedBuildFileExceptionSet;
			membershipExceptions = (
				SharedWithXPCAndVisionPro/CrossDeviceMessage.swift,
			);
			target = 3D199EFF2DAC795200A08DB9 /* VirtualDeckVision */;
		};
		3DC7A1442DAED2F3001BA350 /* Exceptions for "VirtualDeckMacXPC" folder in "VirtualDeckMacXPC" target */ = {
			isa = PBXFileSystemSynchronizedBuildFileExceptionSet;
			membershipExceptions = (
				Info.plist,
			);
			target = 3DC7A1332DAED2F3001BA350 /* VirtualDeckMacXPC */;
		};
		3DC7A14E2DAEE2F8001BA350 /* Exceptions for "VirtualDeckMacXPC" folder in "VirtualDeckVision" target */ = {
			isa = PBXFileSystemSynchronizedBuildFileExceptionSet;
			membershipExceptions = (
				SharedWithVision/MPCContext.swift,
				SharedWithVision/PeerIdStorage.swift,
			);
			target = 3D199EFF2DAC795200A08DB9 /* VirtualDeckVision */;
		};
/* End PBXFileSystemSynchronizedBuildFileExceptionSet section */

/* Begin PBXFileSystemSynchronizedRootGroup section */
		3D114E972DA82A63004B7E5F /* VirtualDeckMac */ = {
			isa = PBXFileSystemSynchronizedRootGroup;
			exceptions = (
				3D9431492DC6E47900B080A7 /* Exceptions for "VirtualDeckMac" folder in "VirtualDeckVision" target */,
				3D94313F2DC6DEF400B080A7 /* Exceptions for "VirtualDeckMac" folder in "VirtualDeckMacXPC" target */,
			);
			path = VirtualDeckMac;
			sourceTree = "<group>";
		};
		3D199F012DAC795200A08DB9 /* VirtualDeckVision */ = {
			isa = PBXFileSystemSynchronizedRootGroup;
			exceptions = (
				3D199F0D2DAC795400A08DB9 /* Exceptions for "VirtualDeckVision" folder in "VirtualDeckVision" target */,
			);
			path = VirtualDeckVision;
			sourceTree = "<group>";
		};
		3DC7A1352DAED2F3001BA350 /* VirtualDeckMacXPC */ = {
			isa = PBXFileSystemSynchronizedRootGroup;
			exceptions = (
				3DC7A14E2DAEE2F8001BA350 /* Exceptions for "VirtualDeckMacXPC" folder in "VirtualDeckVision" target */,
				3DC7A1442DAED2F3001BA350 /* Exceptions for "VirtualDeckMacXPC" folder in "VirtualDeckMacXPC" target */,
			);
			path = VirtualDeckMacXPC;
			sourceTree = "<group>";
		};
/* End PBXFileSystemSynchronizedRootGroup section */

/* Begin PBXFrameworksBuildPhase section */
		3D114E922DA82A63004B7E5F /* Frameworks */ = {
			isa = PBXFrameworksBuildPhase;
			buildActionMask = 2147483647;
			files = (
			);
			runOnlyForDeploymentPostprocessing = 0;
		};
		3D199EFD2DAC795200A08DB9 /* Frameworks */ = {
			isa = PBXFrameworksBuildPhase;
			buildActionMask = 2147483647;
			files = (
			);
			runOnlyForDeploymentPostprocessing = 0;
		};
		3DC7A1312DAED2F3001BA350 /* Frameworks */ = {
			isa = PBXFrameworksBuildPhase;
			buildActionMask = 2147483647;
			files = (
			);
			runOnlyForDeploymentPostprocessing = 0;
		};
/* End PBXFrameworksBuildPhase section */

/* Begin PBXGroup section */
		3D114E8C2DA82A63004B7E5F = {
			isa = PBXGroup;
			children = (
				3D114E972DA82A63004B7E5F /* VirtualDeckMac */,
				3D199F012DAC795200A08DB9 /* VirtualDeckVision */,
				3D199F022DAC795200A08DB9 /* Packages */,
				3DC7A1352DAED2F3001BA350 /* VirtualDeckMacXPC */,
				3D94315B2DC8122800B080A7 /* Frameworks */,
				3D114E962DA82A63004B7E5F /* Products */,
			);
			sourceTree = "<group>";
		};
		3D114E962DA82A63004B7E5F /* Products */ = {
			isa = PBXGroup;
			children = (
				3D114E952DA82A63004B7E5F /* ActionDeck Mac.app */,
				3D199F002DAC795200A08DB9 /* VirtualDeckVision.app */,
				3DC7A1342DAED2F3001BA350 /* VirtualDeckMacXPC.xpc */,
			);
			name = Products;
			sourceTree = "<group>";
		};
		3D199F022DAC795200A08DB9 /* Packages */ = {
			isa = PBXGroup;
			children = (
				3D199F032DAC795200A08DB9 /* RealityKitContent */,
			);
			path = Packages;
			sourceTree = "<group>";
		};
		3D94315B2DC8122800B080A7 /* Frameworks */ = {
			isa = PBXGroup;
			children = (
			);
			name = Frameworks;
			sourceTree = "<group>";
		};
/* End PBXGroup section */

/* Begin PBXNativeTarget section */
		3D114E942DA82A63004B7E5F /* VirtualDeckMac */ = {
			isa = PBXNativeTarget;
			buildConfigurationList = 3D114EA32DA82A64004B7E5F /* Build configuration list for PBXNativeTarget "VirtualDeckMac" */;
			buildPhases = (
				3D114E912DA82A63004B7E5F /* Sources */,
				3D114E922DA82A63004B7E5F /* Frameworks */,
				3D114E932DA82A63004B7E5F /* Resources */,
				3D199E972DAB08C700A08DB9 /* Embed XPC Services */,
				3D199EED2DAB411D00A08DB9 /* CopyFiles */,
			);
			buildRules = (
			);
			dependencies = (
				3DC7A13F2DAED2F3001BA350 /* PBXTargetDependency */,
			);
			fileSystemSynchronizedGroups = (
				3D114E972DA82A63004B7E5F /* VirtualDeckMac */,
			);
			name = VirtualDeckMac;
			packageProductDependencies = (
			);
			productName = VirtualDeckMac;
			productReference = 3D114E952DA82A63004B7E5F /* ActionDeck Mac.app */;
			productType = "com.apple.product-type.application";
		};
		3D199EFF2DAC795200A08DB9 /* VirtualDeckVision */ = {
			isa = PBXNativeTarget;
			buildConfigurationList = 3D199F0E2DAC795400A08DB9 /* Build configuration list for PBXNativeTarget "VirtualDeckVision" */;
			buildPhases = (
				3D199EFC2DAC795200A08DB9 /* Sources */,
				3D199EFD2DAC795200A08DB9 /* Frameworks */,
				3D199EFE2DAC795200A08DB9 /* Resources */,
			);
			buildRules = (
			);
			dependencies = (
			);
			fileSystemSynchronizedGroups = (
				3D199F012DAC795200A08DB9 /* VirtualDeckVision */,
			);
			name = VirtualDeckVision;
			packageProductDependencies = (
			);
			productName = VirtualDeckVision;
			productReference = 3D199F002DAC795200A08DB9 /* VirtualDeckVision.app */;
			productType = "com.apple.product-type.application";
		};
		3DC7A1332DAED2F3001BA350 /* VirtualDeckMacXPC */ = {
			isa = PBXNativeTarget;
			buildConfigurationList = 3DC7A1412DAED2F3001BA350 /* Build configuration list for PBXNativeTarget "VirtualDeckMacXPC" */;
			buildPhases = (
				3DC7A1302DAED2F3001BA350 /* Sources */,
				3DC7A1312DAED2F3001BA350 /* Frameworks */,
				3DC7A1322DAED2F3001BA350 /* Resources */,
			);
			buildRules = (
			);
			dependencies = (
			);
			fileSystemSynchronizedGroups = (
				3DC7A1352DAED2F3001BA350 /* VirtualDeckMacXPC */,
			);
			name = VirtualDeckMacXPC;
			packageProductDependencies = (
			);
			productName = VirtualDeckMacXPC;
			productReference = 3DC7A1342DAED2F3001BA350 /* VirtualDeckMacXPC.xpc */;
			productType = "com.apple.product-type.xpc-service";
		};
/* End PBXNativeTarget section */

/* Begin PBXProject section */
		3D114E8D2DA82A63004B7E5F /* Project object */ = {
			isa = PBXProject;
			attributes = {
				BuildIndependentTargetsInParallel = 1;
				LastSwiftUpdateCheck = 1630;
				LastUpgradeCheck = 1630;
				TargetAttributes = {
					3D114E942DA82A63004B7E5F = {
						CreatedOnToolsVersion = 16.3;
					};
					3D199EFF2DAC795200A08DB9 = {
						CreatedOnToolsVersion = 16.3;
					};
					3DC7A1332DAED2F3001BA350 = {
						CreatedOnToolsVersion = 16.3;
					};
				};
			};
			buildConfigurationList = 3D114E902DA82A63004B7E5F /* Build configuration list for PBXProject "VirtualDeckMac" */;
			developmentRegion = en;
			hasScannedForEncodings = 0;
			knownRegions = (
				en,
				Base,
			);
			mainGroup = 3D114E8C2DA82A63004B7E5F;
			minimizedProjectReferenceProxies = 1;
			packageReferences = (
			);
			preferredProjectObjectVersion = 77;
			productRefGroup = 3D114E962DA82A63004B7E5F /* Products */;
			projectDirPath = "";
			projectRoot = "";
			targets = (
				3D114E942DA82A63004B7E5F /* VirtualDeckMac */,
				3D199EFF2DAC795200A08DB9 /* VirtualDeckVision */,
				3DC7A1332DAED2F3001BA350 /* VirtualDeckMacXPC */,
			);
		};
/* End PBXProject section */

/* Begin PBXResourcesBuildPhase section */
		3D114E932DA82A63004B7E5F /* Resources */ = {
			isa = PBXResourcesBuildPhase;
			buildActionMask = 2147483647;
			files = (
			);
			runOnlyForDeploymentPostprocessing = 0;
		};
		3D199EFE2DAC795200A08DB9 /* Resources */ = {
			isa = PBXResourcesBuildPhase;
			buildActionMask = 2147483647;
			files = (
			);
			runOnlyForDeploymentPostprocessing = 0;
		};
		3DC7A1322DAED2F3001BA350 /* Resources */ = {
			isa = PBXResourcesBuildPhase;
			buildActionMask = 2147483647;
			files = (
			);
			runOnlyForDeploymentPostprocessing = 0;
		};
/* End PBXResourcesBuildPhase section */

/* Begin PBXSourcesBuildPhase section */
		3D114E912DA82A63004B7E5F /* Sources */ = {
			isa = PBXSourcesBuildPhase;
			buildActionMask = 2147483647;
			files = (
			);
			runOnlyForDeploymentPostprocessing = 0;
		};
		3D199EFC2DAC795200A08DB9 /* Sources */ = {
			isa = PBXSourcesBuildPhase;
			buildActionMask = 2147483647;
			files = (
			);
			runOnlyForDeploymentPostprocessing = 0;
		};
		3DC7A1302DAED2F3001BA350 /* Sources */ = {
			isa = PBXSourcesBuildPhase;
			buildActionMask = 2147483647;
			files = (
			);
			runOnlyForDeploymentPostprocessing = 0;
		};
/* End PBXSourcesBuildPhase section */

/* Begin PBXTargetDependency section */
		3DC7A13F2DAED2F3001BA350 /* PBXTargetDependency */ = {
			isa = PBXTargetDependency;
			target = 3DC7A1332DAED2F3001BA350 /* VirtualDeckMacXPC */;
			targetProxy = 3DC7A13E2DAED2F3001BA350 /* PBXContainerItemProxy */;
		};
/* End PBXTargetDependency section */

/* Begin XCBuildConfiguration section */
		3D114EA12DA82A64004B7E5F /* Debug */ = {
			isa = XCBuildConfiguration;
			buildSettings = {
				ALWAYS_SEARCH_USER_PATHS = NO;
				ASSETCATALOG_COMPILER_GENERATE_SWIFT_ASSET_SYMBOL_EXTENSIONS = YES;
				CLANG_ANALYZER_NONNULL = YES;
				CLANG_ANALYZER_NUMBER_OBJECT_CONVERSION = YES_AGGRESSIVE;
				CLANG_CXX_LANGUAGE_STANDARD = "gnu++20";
				CLANG_ENABLE_MODULES = YES;
				CLANG_ENABLE_OBJC_ARC = YES;
				CLANG_ENABLE_OBJC_WEAK = YES;
				CLANG_WARN_BLOCK_CAPTURE_AUTORELEASING = YES;
				CLANG_WARN_BOOL_CONVERSION = YES;
				CLANG_WARN_COMMA = YES;
				CLANG_WARN_CONSTANT_CONVERSION = YES;
				CLANG_WARN_DEPRECATED_OBJC_IMPLEMENTATIONS = YES;
				CLANG_WARN_DIRECT_OBJC_ISA_USAGE = YES_ERROR;
				CLANG_WARN_DOCUMENTATION_COMMENTS = YES;
				CLANG_WARN_EMPTY_BODY = YES;
				CLANG_WARN_ENUM_CONVERSION = YES;
				CLANG_WARN_INFINITE_RECURSION = YES;
				CLANG_WARN_INT_CONVERSION = YES;
				CLANG_WARN_NON_LITERAL_NULL_CONVERSION = YES;
				CLANG_WARN_OBJC_IMPLICIT_RETAIN_SELF = YES;
				CLANG_WARN_OBJC_LITERAL_CONVERSION = YES;
				CLANG_WARN_OBJC_ROOT_CLASS = YES_ERROR;
				CLANG_WARN_QUOTED_INCLUDE_IN_FRAMEWORK_HEADER = YES;
				CLANG_WARN_RANGE_LOOP_ANALYSIS = YES;
				CLANG_WARN_STRICT_PROTOTYPES = YES;
				CLANG_WARN_SUSPICIOUS_MOVE = YES;
				CLANG_WARN_UNGUARDED_AVAILABILITY = YES_AGGRESSIVE;
				CLANG_WARN_UNREACHABLE_CODE = YES;
				CLANG_WARN__DUPLICATE_METHOD_MATCH = YES;
				COPY_PHASE_STRIP = NO;
				DEBUG_INFORMATION_FORMAT = dwarf;
				DEVELOPMENT_TEAM = R8DRDAPLCP;
				ENABLE_STRICT_OBJC_MSGSEND = YES;
				ENABLE_TESTABILITY = YES;
				ENABLE_USER_SCRIPT_SANDBOXING = YES;
				GCC_C_LANGUAGE_STANDARD = gnu17;
				GCC_DYNAMIC_NO_PIC = NO;
				GCC_NO_COMMON_BLOCKS = YES;
				GCC_OPTIMIZATION_LEVEL = 0;
				GCC_PREPROCESSOR_DEFINITIONS = (
					"DEBUG=1",
					"$(inherited)",
				);
				GCC_WARN_64_TO_32_BIT_CONVERSION = YES;
				GCC_WARN_ABOUT_RETURN_TYPE = YES_ERROR;
				GCC_WARN_UNDECLARED_SELECTOR = YES;
				GCC_WARN_UNINITIALIZED_AUTOS = YES_AGGRESSIVE;
				GCC_WARN_UNUSED_FUNCTION = YES;
				GCC_WARN_UNUSED_VARIABLE = YES;
				LOCALIZATION_PREFERS_STRING_CATALOGS = YES;
				MACOSX_DEPLOYMENT_TARGET = 15.4;
				MTL_ENABLE_DEBUG_INFO = INCLUDE_SOURCE;
				MTL_FAST_MATH = YES;
				ONLY_ACTIVE_ARCH = YES;
				SDKROOT = macosx;
				SWIFT_ACTIVE_COMPILATION_CONDITIONS = "DEBUG $(inherited)";
				SWIFT_OPTIMIZATION_LEVEL = "-Onone";
			};
			name = Debug;
		};
		3D114EA22DA82A64004B7E5F /* Release */ = {
			isa = XCBuildConfiguration;
			buildSettings = {
				ALWAYS_SEARCH_USER_PATHS = NO;
				ASSETCATALOG_COMPILER_GENERATE_SWIFT_ASSET_SYMBOL_EXTENSIONS = YES;
				CLANG_ANALYZER_NONNULL = YES;
				CLANG_ANALYZER_NUMBER_OBJECT_CONVERSION = YES_AGGRESSIVE;
				CLANG_CXX_LANGUAGE_STANDARD = "gnu++20";
				CLANG_ENABLE_MODULES = YES;
				CLANG_ENABLE_OBJC_ARC = YES;
				CLANG_ENABLE_OBJC_WEAK = YES;
				CLANG_WARN_BLOCK_CAPTURE_AUTORELEASING = YES;
				CLANG_WARN_BOOL_CONVERSION = YES;
				CLANG_WARN_COMMA = YES;
				CLANG_WARN_CONSTANT_CONVERSION = YES;
				CLANG_WARN_DEPRECATED_OBJC_IMPLEMENTATIONS = YES;
				CLANG_WARN_DIRECT_OBJC_ISA_USAGE = YES_ERROR;
				CLANG_WARN_DOCUMENTATION_COMMENTS = YES;
				CLANG_WARN_EMPTY_BODY = YES;
				CLANG_WARN_ENUM_CONVERSION = YES;
				CLANG_WARN_INFINITE_RECURSION = YES;
				CLANG_WARN_INT_CONVERSION = YES;
				CLANG_WARN_NON_LITERAL_NULL_CONVERSION = YES;
				CLANG_WARN_OBJC_IMPLICIT_RETAIN_SELF = YES;
				CLANG_WARN_OBJC_LITERAL_CONVERSION = YES;
				CLANG_WARN_OBJC_ROOT_CLASS = YES_ERROR;
				CLANG_WARN_QUOTED_INCLUDE_IN_FRAMEWORK_HEADER = YES;
				CLANG_WARN_RANGE_LOOP_ANALYSIS = YES;
				CLANG_WARN_STRICT_PROTOTYPES = YES;
				CLANG_WARN_SUSPICIOUS_MOVE = YES;
				CLANG_WARN_UNGUARDED_AVAILABILITY = YES_AGGRESSIVE;
				CLANG_WARN_UNREACHABLE_CODE = YES;
				CLANG_WARN__DUPLICATE_METHOD_MATCH = YES;
				COPY_PHASE_STRIP = NO;
				DEBUG_INFORMATION_FORMAT = "dwarf-with-dsym";
				DEVELOPMENT_TEAM = R8DRDAPLCP;
				ENABLE_NS_ASSERTIONS = NO;
				ENABLE_STRICT_OBJC_MSGSEND = YES;
				ENABLE_USER_SCRIPT_SANDBOXING = YES;
				GCC_C_LANGUAGE_STANDARD = gnu17;
				GCC_NO_COMMON_BLOCKS = YES;
				GCC_WARN_64_TO_32_BIT_CONVERSION = YES;
				GCC_WARN_ABOUT_RETURN_TYPE = YES_ERROR;
				GCC_WARN_UNDECLARED_SELECTOR = YES;
				GCC_WARN_UNINITIALIZED_AUTOS = YES_AGGRESSIVE;
				GCC_WARN_UNUSED_FUNCTION = YES;
				GCC_WARN_UNUSED_VARIABLE = YES;
				LOCALIZATION_PREFERS_STRING_CATALOGS = YES;
				MACOSX_DEPLOYMENT_TARGET = 15.4;
				MTL_ENABLE_DEBUG_INFO = NO;
				MTL_FAST_MATH = YES;
				SDKROOT = macosx;
				SWIFT_COMPILATION_MODE = wholemodule;
			};
			name = Release;
		};
		3D114EA42DA82A64004B7E5F /* Debug */ = {
			isa = XCBuildConfiguration;
			buildSettings = {
				ASSETCATALOG_COMPILER_APPICON_NAME = AppIcon;
				ASSETCATALOG_COMPILER_GLOBAL_ACCENT_COLOR_NAME = AccentColor;
				CODE_SIGN_ENTITLEMENTS = VirtualDeckMac/VirtualDeckMac.entitlements;
				CODE_SIGN_IDENTITY = "Apple Development";
				"CODE_SIGN_IDENTITY[sdk=macosx*]" = "Developer ID Application";
				CODE_SIGN_STYLE = Manual;
				COMBINE_HIDPI_IMAGES = YES;
				CURRENT_PROJECT_VERSION = 1;
				DEVELOPMENT_TEAM = "";
				"DEVELOPMENT_TEAM[sdk=macosx*]" = R8DRDAPLCP;
				ENABLE_HARDENED_RUNTIME = YES;
				ENABLE_PREVIEWS = YES;
				GENERATE_INFOPLIST_FILE = YES;
				INFOPLIST_FILE = VirtualDeckMac/Info.plist;
				INFOPLIST_KEY_CFBundleDisplayName = "ActionDeck Mac";
				INFOPLIST_KEY_NSAppleEventsUsageDescription = "This app needs accessibility permission to resize windows and rin shortcuts";
				INFOPLIST_KEY_NSHumanReadableCopyright = "";
				INFOPLIST_KEY_NSLocalNetworkUsageDescription = "Need to connect to other devices on the local network.";
				INFOPLIST_KEY_UIApplicationSupportsIndirectInputEvents = YES;
				LD_RUNPATH_SEARCH_PATHS = (
					"$(inherited)",
					"@executable_path/../Frameworks",
				);
				MACOSX_DEPLOYMENT_TARGET = 14.0;
				MARKETING_VERSION = 1.0;
				PRODUCT_BUNDLE_IDENTIFIER = com.williamhass.VirtualDeckMac;
				PRODUCT_NAME = "ActionDeck Mac";
				PROVISIONING_PROFILE_SPECIFIER = "";
				"PROVISIONING_PROFILE_SPECIFIER[sdk=macosx*]" = "Actiondeck mac profile distribution";
				REGISTER_APP_GROUPS = YES;
				SWIFT_EMIT_LOC_STRINGS = YES;
				SWIFT_VERSION = 5.0;
			};
			name = Debug;
		};
		3D114EA52DA82A64004B7E5F /* Release */ = {
			isa = XCBuildConfiguration;
			buildSettings = {
				ASSETCATALOG_COMPILER_APPICON_NAME = AppIcon;
				ASSETCATALOG_COMPILER_GLOBAL_ACCENT_COLOR_NAME = AccentColor;
				CODE_SIGN_ENTITLEMENTS = VirtualDeckMac/VirtualDeckMac.entitlements;
				CODE_SIGN_IDENTITY = "Apple Development";
				"CODE_SIGN_IDENTITY[sdk=macosx*]" = "Developer ID Application";
				CODE_SIGN_STYLE = Manual;
				COMBINE_HIDPI_IMAGES = YES;
				CURRENT_PROJECT_VERSION = 1;
				DEVELOPMENT_TEAM = "";
				"DEVELOPMENT_TEAM[sdk=macosx*]" = R8DRDAPLCP;
				ENABLE_HARDENED_RUNTIME = YES;
				ENABLE_PREVIEWS = YES;
				GENERATE_INFOPLIST_FILE = YES;
				INFOPLIST_FILE = VirtualDeckMac/Info.plist;
				INFOPLIST_KEY_CFBundleDisplayName = "ActionDeck Mac";
				INFOPLIST_KEY_NSAppleEventsUsageDescription = "This app needs accessibility permission to resize windows and rin shortcuts";
				INFOPLIST_KEY_NSHumanReadableCopyright = "";
				INFOPLIST_KEY_NSLocalNetworkUsageDescription = "Need to connect to other devices on the local network.";
				INFOPLIST_KEY_UIApplicationSupportsIndirectInputEvents = YES;
				LD_RUNPATH_SEARCH_PATHS = (
					"$(inherited)",
					"@executable_path/../Frameworks",
				);
				MACOSX_DEPLOYMENT_TARGET = 14.0;
				MARKETING_VERSION = 1.0;
				PRODUCT_BUNDLE_IDENTIFIER = com.williamhass.VirtualDeckMac;
				PRODUCT_NAME = "ActionDeck Mac";
				PROVISIONING_PROFILE_SPECIFIER = "";
				"PROVISIONING_PROFILE_SPECIFIER[sdk=macosx*]" = "Actiondeck mac profile distribution";
				REGISTER_APP_GROUPS = YES;
				SWIFT_EMIT_LOC_STRINGS = YES;
				SWIFT_VERSION = 5.0;
			};
			name = Release;
		};
		3D199F0F2DAC795400A08DB9 /* Debug */ = {
			isa = XCBuildConfiguration;
			buildSettings = {
				ASSETCATALOG_COMPILER_APPICON_NAME = AppIcon;
				ASSETCATALOG_COMPILER_GLOBAL_ACCENT_COLOR_NAME = AccentColor;
				CODE_SIGN_ENTITLEMENTS = VirtualDeckVision/VirtualDeckVision.entitlements;
				CODE_SIGN_STYLE = Automatic;
				CURRENT_PROJECT_VERSION = 1;
				DEVELOPMENT_TEAM = R8DRDAPLCP;
				ENABLE_PREVIEWS = YES;
				GENERATE_INFOPLIST_FILE = YES;
				INFOPLIST_FILE = "$(TARGET_NAME)/Info.plist";
				INFOPLIST_KEY_CFBundleDisplayName = ActionDeck;
				LD_RUNPATH_SEARCH_PATHS = (
					"$(inherited)",
					"@executable_path/Frameworks",
				);
				MARKETING_VERSION = 1.0;
				PRODUCT_BUNDLE_IDENTIFIER = com.williamhass.VirtualDeckVision;
				PRODUCT_NAME = "$(TARGET_NAME)";
				SDKROOT = xros;
				SUPPORTED_PLATFORMS = "xros xrsimulator";
				SWIFT_EMIT_LOC_STRINGS = YES;
				SWIFT_VERSION = 5.0;
				TARGETED_DEVICE_FAMILY = 7;
				XROS_DEPLOYMENT_TARGET = 2.4;
			};
			name = Debug;
		};
		3D199F102DAC795400A08DB9 /* Release */ = {
			isa = XCBuildConfiguration;
			buildSettings = {
				ASSETCATALOG_COMPILER_APPICON_NAME = AppIcon;
				ASSETCATALOG_COMPILER_GLOBAL_ACCENT_COLOR_NAME = AccentColor;
				CODE_SIGN_ENTITLEMENTS = VirtualDeckVision/VirtualDeckVision.entitlements;
				CODE_SIGN_STYLE = Automatic;
				CURRENT_PROJECT_VERSION = 1;
				DEVELOPMENT_TEAM = R8DRDAPLCP;
				ENABLE_PREVIEWS = YES;
				GENERATE_INFOPLIST_FILE = YES;
				INFOPLIST_FILE = "$(TARGET_NAME)/Info.plist";
				INFOPLIST_KEY_CFBundleDisplayName = ActionDeck;
				LD_RUNPATH_SEARCH_PATHS = (
					"$(inherited)",
					"@executable_path/Frameworks",
				);
				MARKETING_VERSION = 1.0;
				PRODUCT_BUNDLE_IDENTIFIER = com.williamhass.VirtualDeckVision;
				PRODUCT_NAME = "$(TARGET_NAME)";
				SDKROOT = xros;
				SUPPORTED_PLATFORMS = "xros xrsimulator";
				SWIFT_EMIT_LOC_STRINGS = YES;
				SWIFT_VERSION = 5.0;
				TARGETED_DEVICE_FAMILY = 7;
				VALIDATE_PRODUCT = YES;
				XROS_DEPLOYMENT_TARGET = 2.4;
			};
			name = Release;
		};
		3DC7A1422DAED2F3001BA350 /* Debug */ = {
			isa = XCBuildConfiguration;
			buildSettings = {
				CODE_SIGN_ENTITLEMENTS = VirtualDeckMacXPC/VirtualDeckMacXPC.entitlements;
				CODE_SIGN_STYLE = Automatic;
				COMBINE_HIDPI_IMAGES = YES;
				CURRENT_PROJECT_VERSION = 1;
				DEVELOPMENT_TEAM = R8DRDAPLCP;
				ENABLE_HARDENED_RUNTIME = YES;
				GENERATE_INFOPLIST_FILE = YES;
				INFOPLIST_FILE = VirtualDeckMacXPC/Info.plist;
				INFOPLIST_KEY_CFBundleDisplayName = ActionDeckMacXPC;
				INFOPLIST_KEY_NSHumanReadableCopyright = "";
				MARKETING_VERSION = 1.0;
				PRODUCT_BUNDLE_IDENTIFIER = com.williamhass.VirtualDeckMacXPC;
				PRODUCT_NAME = "$(TARGET_NAME)";
				REGISTER_APP_GROUPS = YES;
				SKIP_INSTALL = YES;
				SWIFT_EMIT_LOC_STRINGS = YES;
				SWIFT_VERSION = 5.0;
			};
			name = Debug;
		};
		3DC7A1432DAED2F3001BA350 /* Release */ = {
			isa = XCBuildConfiguration;
			buildSettings = {
				CODE_SIGN_ENTITLEMENTS = VirtualDeckMacXPC/VirtualDeckMacXPC.entitlements;
				CODE_SIGN_STYLE = Automatic;
				COMBINE_HIDPI_IMAGES = YES;
				CURRENT_PROJECT_VERSION = 1;
				DEVELOPMENT_TEAM = R8DRDAPLCP;
				ENABLE_HARDENED_RUNTIME = YES;
				GENERATE_INFOPLIST_FILE = YES;
				INFOPLIST_FILE = VirtualDeckMacXPC/Info.plist;
				INFOPLIST_KEY_CFBundleDisplayName = ActionDeckMacXPC;
				INFOPLIST_KEY_NSHumanReadableCopyright = "";
				MARKETING_VERSION = 1.0;
				PRODUCT_BUNDLE_IDENTIFIER = com.williamhass.VirtualDeckMacXPC;
				PRODUCT_NAME = "$(TARGET_NAME)";
				REGISTER_APP_GROUPS = YES;
				SKIP_INSTALL = YES;
				SWIFT_EMIT_LOC_STRINGS = YES;
				SWIFT_VERSION = 5.0;
			};
			name = Release;
		};
/* End XCBuildConfiguration section */

/* Begin XCConfigurationList section */
		3D114E902DA82A63004B7E5F /* Build configuration list for PBXProject "VirtualDeckMac" */ = {
			isa = XCConfigurationList;
			buildConfigurations = (
				3D114EA12DA82A64004B7E5F /* Debug */,
				3D114EA22DA82A64004B7E5F /* Release */,
			);
			defaultConfigurationIsVisible = 0;
			defaultConfigurationName = Release;
		};
		3D114EA32DA82A64004B7E5F /* Build configuration list for PBXNativeTarget "VirtualDeckMac" */ = {
			isa = XCConfigurationList;
			buildConfigurations = (
				3D114EA42DA82A64004B7E5F /* Debug */,
				3D114EA52DA82A64004B7E5F /* Release */,
			);
			defaultConfigurationIsVisible = 0;
			defaultConfigurationName = Release;
		};
		3D199F0E2DAC795400A08DB9 /* Build configuration list for PBXNativeTarget "VirtualDeckVision" */ = {
			isa = XCConfigurationList;
			buildConfigurations = (
				3D199F0F2DAC795400A08DB9 /* Debug */,
				3D199F102DAC795400A08DB9 /* Release */,
			);
			defaultConfigurationIsVisible = 0;
			defaultConfigurationName = Release;
		};
		3DC7A1412DAED2F3001BA350 /* Build configuration list for PBXNativeTarget "VirtualDeckMacXPC" */ = {
			isa = XCConfigurationList;
			buildConfigurations = (
				3DC7A1422DAED2F3001BA350 /* Debug */,
				3DC7A1432DAED2F3001BA350 /* Release */,
			);
			defaultConfigurationIsVisible = 0;
			defaultConfigurationName = Release;
		};
/* End XCConfigurationList section */
	};
	rootObject = 3D114E8D2DA82A63004B7E5F /* Project object */;
}
